
Microsoft Visual Studio Solution File, Format Version 12.00
# Visual Studio Version 16
VisualStudioVersion = 16.0.30002.166
MinimumVisualStudioVersion = 15.0.26124.0
Project("{9A19103F-16F7-4668-BE54-9A1E7A4F7556}") = "Loja.Dominio", "Loja.Dominio\Loja.Dominio.csproj", "{09A0BEA1-5F42-495E-B6EE-73CEB39866B4}"
EndProject
Project("{9A19103F-16F7-4668-BE54-9A1E7A4F7556}") = "Loja.Repositorio", "Loja.Repositorio\Loja.Repositorio.csproj", "{51813053-45FA-46A9-A6EF-12EED5B28CBE}"
EndProject
Project("{9A19103F-16F7-4668-BE54-9A1E7A4F7556}") = "Loja.Web", "Loja.Web\Loja.Web.csproj", "{A0F6E169-5A94-49E8-B67A-AFB6A6CD1691}"
EndProject
Global
	GlobalSection(SolutionConfigurationPlatforms) = preSolution
		Debug|Any CPU = Debug|Any CPU
		Debug|x64 = Debug|x64
		Debug|x86 = Debug|x86
		Release|Any CPU = Release|Any CPU
		Release|x64 = Release|x64
		Release|x86 = Release|x86
	EndGlobalSection
	GlobalSection(ProjectConfigurationPlatforms) = postSolution
		{09A0BEA1-5F42-495E-B6EE-73CEB39866B4}.Debug|Any CPU.ActiveCfg = Debug|Any CPU
		{09A0BEA1-5F42-495E-B6EE-73CEB39866B4}.Debug|Any CPU.Build.0 = Debug|Any CPU
		{09A0BEA1-5F42-495E-B6EE-73CEB39866B4}.Debug|x64.ActiveCfg = Debug|Any CPU
		{09A0BEA1-5F42-495E-B6EE-73CEB39866B4}.Debug|x64.Build.0 = Debug|Any CPU
		{09A0BEA1-5F42-495E-B6EE-73CEB39866B4}.Debug|x86.ActiveCfg = Debug|Any CPU
		{09A0BEA1-5F42-495E-B6EE-73CEB39866B4}.Debug|x86.Build.0 = Debug|Any CPU
		{09A0BEA1-5F42-495E-B6EE-73CEB39866B4}.Release|Any CPU.ActiveCfg = Release|Any CPU
		{09A0BEA1-5F42-495E-B6EE-73CEB39866B4}.Release|Any CPU.Build.0 = Release|Any CPU
		{09A0BEA1-5F42-495E-B6EE-73CEB39866B4}.Release|x64.ActiveCfg = Release|Any CPU
		{09A0BEA1-5F42-495E-B6EE-73CEB39866B4}.Release|x64.Build.0 = Release|Any CPU
		{09A0BEA1-5F42-495E-B6EE-73CEB39866B4}.Release|x86.ActiveCfg = Release|Any CPU
		{09A0BEA1-5F42-495E-B6EE-73CEB39866B4}.Release|x86.Build.0 = Release|Any CPU
		{51813053-45FA-46A9-A6EF-12EED5B28CBE}.Debug|Any CPU.ActiveCfg = Debug|Any CPU
		{51813053-45FA-46A9-A6EF-12EED5B28CBE}.Debug|Any CPU.Build.0 = Debug|Any CPU
		{51813053-45FA-46A9-A6EF-12EED5B28CBE}.Debug|x64.ActiveCfg = Debug|Any CPU
		{51813053-45FA-46A9-A6EF-12EED5B28CBE}.Debug|x64.Build.0 = Debug|Any CPU
		{51813053-45FA-46A9-A6EF-12EED5B28CBE}.Debug|x86.ActiveCfg = Debug|Any CPU
		{51813053-45FA-46A9-A6EF-12EED5B28CBE}.Debug|x86.Build.0 = Debug|Any CPU
		{51813053-45FA-46A9-A6EF-12EED5B28CBE}.Release|Any CPU.ActiveCfg = Release|Any CPU
		{51813053-45FA-46A9-A6EF-12EED5B28CBE}.Release|Any CPU.Build.0 = Release|Any CPU
		{51813053-45FA-46A9-A6EF-12EED5B28CBE}.Release|x64.ActiveCfg = Release|Any CPU
		{51813053-45FA-46A9-A6EF-12EED5B28CBE}.Release|x64.Build.0 = Release|Any CPU
		{51813053-45FA-46A9-A6EF-12EED5B28CBE}.Release|x86.ActiveCfg = Release|Any CPU
		{51813053-45FA-46A9-A6EF-12EED5B28CBE}.Release|x86.Build.0 = Release|Any CPU
		{A0F6E169-5A94-49E8-B67A-AFB6A6CD1691}.Debug|Any CPU.ActiveCfg = Debug|Any CPU
		{A0F6E169-5A94-49E8-B67A-AFB6A6CD1691}.Debug|Any CPU.Build.0 = Debug|Any CPU
		{A0F6E169-5A94-49E8-B67A-AFB6A6CD1691}.Debug|x64.ActiveCfg = Debug|Any CPU
		{A0F6E169-5A94-49E8-B67A-AFB6A6CD1691}.Debug|x64.Build.0 = Debug|Any CPU
		{A0F6E169-5A94-49E8-B67A-AFB6A6CD1691}.Debug|x86.ActiveCfg = Debug|Any CPU
		{A0F6E169-5A94-49E8-B67A-AFB6A6CD1691}.Debug|x86.Build.0 = Debug|Any CPU
		{A0F6E169-5A94-49E8-B67A-AFB6A6CD1691}.Release|Any CPU.ActiveCfg = Release|Any CPU
		{A0F6E169-5A94-49E8-B67A-AFB6A6CD1691}.Release|Any CPU.Build.0 = Release|Any CPU
		{A0F6E169-5A94-49E8-B67A-AFB6A6CD1691}.Release|x64.ActiveCfg = Release|Any CPU
		{A0F6E169-5A94-49E8-B67A-AFB6A6CD1691}.Release|x64.Build.0 = Release|Any CPU
		{A0F6E169-5A94-49E8-B67A-AFB6A6CD1691}.Release|x86.ActiveCfg = Release|Any CPU
		{A0F6E169-5A94-49E8-B67A-AFB6A6CD1691}.Release|x86.Build.0 = Release|Any CPU
	EndGlobalSection
	GlobalSection(SolutionProperties) = preSolution
		HideSolutionNode = FALSE
	EndGlobalSection
	GlobalSection(ExtensibilityGlobals) = postSolution
		SolutionGuid = {CE7D3ADB-79ED-4E29-A256-25E33E0C3E06}
	EndGlobalSection
EndGlobal
